
Microsoft Visual Studio Solution File, Format Version 12.00
Project("{FAE04EC0-301F-11D3-BF4B-00C04F79EFBC}") = "SA3438-NG_Commander", "SA3438-NG_Commander\SA3438-NG_Commander.csproj", "{D8F746A8-BC37-4381-9A5E-9ED6EEE5D235}"
EndProject
Global
	GlobalSection(SolutionConfigurationPlatforms) = preSolution
		Debug|Any CPU = Debug|Any CPU
		Release|Any CPU = Release|Any CPU
	EndGlobalSection
	GlobalSection(ProjectConfigurationPlatforms) = postSolution
		{D8F746A8-BC37-4381-9A5E-9ED6EEE5D235}.Debug|Any CPU.ActiveCfg = Debug|Any CPU
		{D8F746A8-BC37-4381-9A5E-9ED6EEE5D235}.Debug|Any CPU.Build.0 = Debug|Any CPU
		{D8F746A8-BC37-4381-9A5E-9ED6EEE5D235}.Release|Any CPU.ActiveCfg = Release|Any CPU
		{D8F746A8-BC37-4381-9A5E-9ED6EEE5D235}.Release|Any CPU.Build.0 = Release|Any CPU
	EndGlobalSection
EndGlobal
